
Microsoft Visual Studio Solution File, Format Version 12.00
# Visual Studio Version 17
VisualStudioVersion = 17.0.31903.59
MinimumVisualStudioVersion = 10.0.40219.1
Project("{FAE04EC0-301F-11D3-BF4B-00C04F79EFBC}") = "Numer.Domain", "Numer.Domain\Numer.Domain.csproj", "{C47A06C6-CD7E-4637-BF19-D0A5C79AD6AB}"
EndProject
Project("{FAE04EC0-301F-11D3-BF4B-00C04F79EFBC}") = "Numer.Core", "Numer.Core\Numer.Core.csproj", "{7C9357BA-4C03-4C50-A626-8D5BC355256A}"
EndProject
Project("{FAE04EC0-301F-11D3-BF4B-00C04F79EFBC}") = "Numer.Infrastructure", "Numer.Infrastructure\Numer.Infrastructure.csproj", "{7CB4828A-E362-44F7-8EC1-2BC60A7AC884}"
EndProject
Project("{FAE04EC0-301F-11D3-BF4B-00C04F79EFBC}") = "Numer.API", "Numer.API\Numer.API.csproj", "{4A394A48-A6BB-4231-8EA7-F9DC0335C042}"
EndProject
Global
	GlobalSection(SolutionConfigurationPlatforms) = preSolution
		Debug|Any CPU = Debug|Any CPU
		Release|Any CPU = Release|Any CPU
	EndGlobalSection
	GlobalSection(SolutionProperties) = preSolution
		HideSolutionNode = FALSE
	EndGlobalSection
	GlobalSection(ProjectConfigurationPlatforms) = postSolution
		{C47A06C6-CD7E-4637-BF19-D0A5C79AD6AB}.Debug|Any CPU.ActiveCfg = Debug|Any CPU
		{C47A06C6-CD7E-4637-BF19-D0A5C79AD6AB}.Debug|Any CPU.Build.0 = Debug|Any CPU
		{C47A06C6-CD7E-4637-BF19-D0A5C79AD6AB}.Release|Any CPU.ActiveCfg = Release|Any CPU
		{C47A06C6-CD7E-4637-BF19-D0A5C79AD6AB}.Release|Any CPU.Build.0 = Release|Any CPU
		{7C9357BA-4C03-4C50-A626-8D5BC355256A}.Debug|Any CPU.ActiveCfg = Debug|Any CPU
		{7C9357BA-4C03-4C50-A626-8D5BC355256A}.Debug|Any CPU.Build.0 = Debug|Any CPU
		{7C9357BA-4C03-4C50-A626-8D5BC355256A}.Release|Any CPU.ActiveCfg = Release|Any CPU
		{7C9357BA-4C03-4C50-A626-8D5BC355256A}.Release|Any CPU.Build.0 = Release|Any CPU
		{7CB4828A-E362-44F7-8EC1-2BC60A7AC884}.Debug|Any CPU.ActiveCfg = Debug|Any CPU
		{7CB4828A-E362-44F7-8EC1-2BC60A7AC884}.Debug|Any CPU.Build.0 = Debug|Any CPU
		{7CB4828A-E362-44F7-8EC1-2BC60A7AC884}.Release|Any CPU.ActiveCfg = Release|Any CPU
		{7CB4828A-E362-44F7-8EC1-2BC60A7AC884}.Release|Any CPU.Build.0 = Release|Any CPU
		{4A394A48-A6BB-4231-8EA7-F9DC0335C042}.Debug|Any CPU.ActiveCfg = Debug|Any CPU
		{4A394A48-A6BB-4231-8EA7-F9DC0335C042}.Debug|Any CPU.Build.0 = Debug|Any CPU
		{4A394A48-A6BB-4231-8EA7-F9DC0335C042}.Release|Any CPU.ActiveCfg = Release|Any CPU
		{4A394A48-A6BB-4231-8EA7-F9DC0335C042}.Release|Any CPU.Build.0 = Release|Any CPU
	EndGlobalSection
EndGlobal
